github.com/iti/cmdline v0.1.1 h1:Nq1heiXyE5suGc82dWMxAGruw8LAY7/dzVAazA96pJQ=
github.com/iti/cmdline v0.1.1/go.mod h1:TbCZptCysYs4UyP281TmNiEubmu19VKNvJFFsTtMos0=
github.com/iti/evt v0.1.2 h1:dPG2Ro4+bq/2myj9zaqSeJZbh2/Z07sR1oSP7JjmAq4=
github.com/iti/evt v0.1.2/go.mod h1:Za5EWHBUFPbqi0k6HsKCS+RpLHgkLTSLFYEcS3QHuPw=
github.com/iti/mrnes v0.0.2 h1:BAJ80lygpy7in7On+5YJLxFT6o7wIJTLn+Kw6/HVMBI=
github.com/iti/mrnes v0.0.2/go.mod h1:xRS3mAFK13TAPPJEBiBvJHBpPoM9zUtn722539JOGls=
github.com/iti/mrnesbits v0.0.3 h1:0+4y0yhVd929XDFeqYtvskYXo0qyYCTdw4KVrG0EkMk=
github.com/iti/mrnesbits v0.0.3/go.mod h1:ErELMA9AEWKFtKaf0MRr1XX0XjvO9sBNjsqwj9+47Go=
github.com/iti/rngstream v0.2.2 h1:9cfSikwWPW1Yie+RjdJ23uUuMryLu+Ou38/TChYLPZ8=
github.com/iti/rngstream v0.2.2/go.mod h1:sf9vdWtEjVW4dxOocgIqbivkNIrfcl10H8jEeeqFNnQ=
golang.org/x/exp v0.0.0-20240719175910-8a7402abbf56 h1:2dVuKD2vS7b0QIHQbpyTISPd0LeHDbnYEryqj5Q1ug8=
golang.org/x/exp v0.0.0-20240719175910-8a7402abbf56/go.mod h1:M4RDyNAINzryxdtnbRXRL/OHtkFuWGRjvuhBJpk2IlY=
gonum.org/v1/gonum v0.15.0 h1:2lYxjRbTYyxkJxlhC+LvJIx3SsANPdRybu1tGj9/OrQ=
gonum.org/v1/gonum v0.15.0/go.mod h1:xzZVBJBtS+Mz4q0Yl2LJTk+OxOg4jiXZ7qBoM0uISGo=
gopkg.in/check.v1 v0.0.0-20161208181325-20d25e280405 h1:yhCVgyC4o1eVCa2tZl7eS0r+SDo693bJlVdllGtEeKM=
gopkg.in/check.v1 v0.0.0-20161208181325-20d25e280405/go.mod h1:Co6ibVJAznAaIkqp8huTwlJQCZ016jof/cbN4VW5Yz0=
gopkg.in/yaml.v3 v3.0.1 h1:fxVm/GzAzEWqLHuvctI91KS9hhNmmWOoWu0XTYJS7CA=
gopkg.in/yaml.v3 v3.0.1/go.mod h1:K4uyk7z7BCEPqu6E+C64Yfv1cQ7kz7rIZviUmN+EgEM=
